
Microsoft Visual Studio Solution File, Format Version 10.00
# Visual Studio 2008
Project("{8BC9CEB8-8B4A-11D0-8D11-00A0C91BC942}") = "udpproxy", "udpproxy.vcproj", "{9D27B6B7-1589-3A7D-855D-CB37301F21F3}"
EndProject
Global
	GlobalSection(SolutionConfigurationPlatforms) = preSolution
		Debug|Win32 = Debug|Win32
		Release|Win32 = Release|Win32
	EndGlobalSection
	GlobalSection(ProjectConfigurationPlatforms) = postSolution
		{9D27B6B7-1589-3A7D-855D-CB37301F21F3}.Debug|Win32.ActiveCfg = Debug|Win32
		{9D27B6B7-1589-3A7D-855D-CB37301F21F3}.Debug|Win32.Build.0 = Debug|Win32
		{9D27B6B7-1589-3A7D-855D-CB37301F21F3}.Release|Win32.ActiveCfg = Release|Win32
		{9D27B6B7-1589-3A7D-855D-CB37301F21F3}.Release|Win32.Build.0 = Release|Win32
	EndGlobalSection
	GlobalSection(SolutionProperties) = preSolution
		HideSolutionNode = FALSE
	EndGlobalSection
EndGlobal
